Microsoft Visual Studio Solution File, Format Version 12.00
# Visual Studio 15
VisualStudioVersion = 15.0.27428.2005
MinimumVisualStudioVersion = 10.0.40219.1
Project("{FAE04EC0-301F-11D3-BF4B-00C04F79EFBC}") = "reference", "reference.csproj", "{D1FFA0DC-0ACC-4108-ADC1-2A71122C09AF}"
EndProject
Global
	GlobalSection(SolutionConfigurationPlatforms) = preSolution
		Debug|Any CPU = Debug|Any CPU
		Release|Any CPU = Release|Any CPU
	EndGlobalSection
	GlobalSection(ProjectConfigurationPlatforms) = postSolution
		{D1FFA0DC-0ACC-4108-ADC1-2A71122C09AF}.Debug|Any CPU.ActiveCfg = Debug|x86
		{D1FFA0DC-0ACC-4108-ADC1-2A71122C09AF}.Debug|Any CPU.Build.0 = Debug|x86
		{D1FFA0DC-0ACC-4108-ADC1-2A71122C09AF}.Release|Any CPU.ActiveCfg = Debug|x86
		{D1FFA0DC-0ACC-4108-ADC1-2A71122C09AF}.Release|Any CPU.Build.0 = Debug|x86
	EndGlobalSection
	GlobalSection(SolutionProperties) = preSolution
		HideSolutionNode = FALSE
	EndGlobalSection
	GlobalSection(ExtensibilityGlobals) = postSolution
		SolutionGuid = {D6F2BF93-8FC0-422E-BED5-D352C69B81C0}
	EndGlobalSection
EndGlobal
