github.com/BurntSushi/toml v0.3.1/go.mod h1:xHWCNGjB5oqiDr8zfno3MHue2Ht5sIBksp03qcyfWMU=
github.com/alcortesm/tgz v0.0.0-20161220082320-9c5fe88206d7/go.mod h1:6zEj6s6u/ghQa61ZWa/C2Aw3RkjiTBOix7dkqa1VLIs=
github.com/alecthomas/template v0.0.0-20160405071501-a0175ee3bccc/go.mod h1:LOuyumcjzFXgccqObfd/Ljyb9UuFJ6TxHnclSeseNhc=
github.com/alecthomas/units v0.0.0-20151022065526-2efee857e7cf/go.mod h1:ybxpYRFXyAe+OPACYpWeL0wqObRcbAqCMya13uyzqw0=
github.com/anmitsu/go-shlex v0.0.0-20161002113705-648efa622239/go.mod h1:2FmKhYUyUczH0OGQWaF5ceTx0UBShxjsH6f8oGKYe2c=
github.com/beorn7/perks v0.0.0-20180321164747-3a771d992973/go.mod h1:Dwedo/Wpr24TaqPxmxbtue+5NUziq4I4S80YR8gNf3Q=
github.com/buger/jsonparser v0.0.0-20180910192245-6acdf747ae99 h1:yxtDQw7A+kLZZaufGxZtKDkKXbk+/7dguKjFUdlXocg=
github.com/buger/jsonparser v0.0.0-20180910192245-6acdf747ae99/go.mod h1:bbYlZJ7hK1yFx9hf58LP0zeX7UjIGs20ufpu3evjr+s=
github.com/chzyer/logex v1.1.10/go.mod h1:+Ywpsq7O8HXn0nuIou7OrIPyXbp3wmkHB+jjWRnGsAI=
github.com/chzyer/readline v0.0.0-20180603132655-2972be24d48e h1:fY5BOSpyZCqRo5OhCuC+XN+r/bBCmeuuJtjz+bCNIf8=
github.com/chzyer/readline v0.0.0-20180603132655-2972be24d48e/go.mod h1:nSuG5e5PlCu98SY8svDHJxuZscDgtXS6KTTbou5AhLI=
github.com/chzyer/test v0.0.0-20180213035817-a1ea475d72b1/go.mod h1:Q3SI9o4m/ZMnBNeIyt5eFwwo7qiLfzFZmjNmxjkiQlU=
github.com/codegangsta/cli v1.20.0 h1:iX1FXEgwzd5+XN6wk5cVHOGQj6Q3Dcp20lUeS4lHNTw=
github.com/codegangsta/cli v1.20.0/go.mod h1:/qJNoX69yVSKu5o4jLyXAENLRyk1uhi7zkbQ3slBdOA=
github.com/davecgh/go-spew v1.1.1/go.mod h1:J7Y8YcW2NihsgmVo/mv3lAwl/skON4iLHjSsI+c5H38=
github.com/dsnet/compress v0.0.0-20171208185109-cc9eb1d7ad76 h1:eX+pdPPlD279OWgdx7f6KqIRSONuK7egk+jDx7OM3Ac=
github.com/dsnet/compress v0.0.0-20171208185109-cc9eb1d7ad76/go.mod h1:KjxHHirfLaw19iGT70HvVjHQsL1vq1SRQB4yOsAfy2s=
github.com/emirpasic/gods v1.12.0 h1:QAUIPSaCu4G+POclxeqb3F+WPpdKqFGlw36+yOzGlrg=
github.com/emirpasic/gods v1.12.0/go.mod h1:YfzfFFoVP/catgzJb4IKIqXjX78Ha8FMSDh3ymbK86o=
github.com/flynn/go-shlex v0.0.0-20150515145356-3f9db97f8568/go.mod h1:xEzjJPgXI435gkrCt3MPfRiAkVrwSbHsst4LCFVfpJc=
github.com/fsnotify/fsnotify v1.4.7 h1:IXs+QLmnXW2CcXuY+8Mzv/fWEsPGWxqefPtCP5CnV9I=
github.com/fsnotify/fsnotify v1.4.7/go.mod h1:jwhsz4b93w/PPRr/qN1Yymfu8t87LnFCMoQvtojpjFo=
github.com/gliderlabs/ssh v0.1.1/go.mod h1:U7qILu1NlMHj9FlMhZLlkCdDnU1DBEAqr0aevW3Awn0=
github.com/go-kit/kit v0.8.0/go.mod h1:xBxKIO96dXMWWy0MnWVtmwkA9/13aqxPnvrjFYMA2as=
github.com/go-logfmt/logfmt v0.3.0/go.mod h1:Qt1PoO58o5twSAckw1HlFXLmHsOX5/0LbT9GBnD5lWE=
github.com/go-stack/stack v1.8.0/go.mod h1:v0f6uXyyMGvRgIKkXu+yp6POWl0qKG85gN/melR3HDY=
github.com/gogo/protobuf v1.1.1/go.mod h1:r8qH/GZQm5c6nD/R0oafs1akxWv10x8SbQlK7atdtwQ=
github.com/golang/protobuf v1.2.0/go.mod h1:6lQm79b+lXiMfvg/cZm0SGofjICqVBUtrP5yJMmIC1U=
github.com/golang/snappy v0.0.0-20180518054509-2e65f85255db h1:woRePGFeVFfLKN/pOkfl+p/TAqKOfFu+7KPlMVpok/w=
github.com/golang/snappy v0.0.0-20180518054509-2e65f85255db/go.mod h1:/XxbfmMg8lxefKM7IXC3fBNl/7bRcc72aCRzEWrmP2Q=
github.com/google/go-cmp v0.2.0/go.mod h1:oXzfMopK8JAjlY9xF4vHSVASa0yLyX7SntLO5aqRK0M=
github.com/hashicorp/hcl v1.0.0 h1:0Anlzjpi4vEasTeNFn2mLJgTSwt0+6sfsiTG8qcWGx4=
github.com/hashicorp/hcl v1.0.0/go.mod h1:E5yfLk+7swimpb2L/Alb/PJmXilQ/rhwaUYs4T20WEQ=
github.com/jbenet/go-context v0.0.0-20150711004518-d14ea06fba99 h1:BQSFePA1RWJOlocH6Fxy8MmwDt+yVQYULKfN0RoTN8A=
github.com/jbenet/go-context v0.0.0-20150711004518-d14ea06fba99/go.mod h1:1lJo3i6rXxKeerYnT8Nvf0QmHCRC1n8sfWVwXF2Frvo=
github.com/jfrog/gocmd v0.1.0/go.mod h1:W+Nb0Bd2ffmZKNAKN17EV6Lc7OYc6tGmwq3GziKldzQ=
github.com/jfrog/gocmd v0.1.5 h1:uJWnnCXai1YBWNGZs8rsjwSWBolxEsydZ7g3Qfz9loE=
github.com/jfrog/gocmd v0.1.5/go.mod h1:W85YFwC0fQ1T0qq54aj8r4HY7vJbavapyoo0zlDTwJw=
github.com/jfrog/gofrog v1.0.2 h1:rm+T3ZR0HPE0QgxwA3axI/lL4PJFhQ6CMjNgRNS/gxE=
github.com/jfrog/gofrog v1.0.2/go.mod h1:4Caxvc8B2K1A798G1Ne+SsUICRPPre4GpgcFqj+EXJ8=
github.com/jfrog/gofrog v1.0.3/go.mod h1:4Caxvc8B2K1A798G1Ne+SsUICRPPre4GpgcFqj+EXJ8=
github.com/jfrog/gofrog v1.0.4 h1:jtMkCBEsGOC/URxeHXGLZNFjOAMfvDn0UhN+0uXo1GA=
github.com/jfrog/gofrog v1.0.4/go.mod h1:4Caxvc8B2K1A798G1Ne+SsUICRPPre4GpgcFqj+EXJ8=
github.com/jfrog/jfrog-client-go v0.1.4-0.20181213101111-6a0910d81750 h1:4FaJOGMq6XaAKEBHhFxfTT0N4RM5btX+3bQdEa2suT4=
github.com/jfrog/jfrog-client-go v0.1.4-0.20181213101111-6a0910d81750/go.mod h1:g0MPAQDBbGWqn473RyKpGEUttjSm78kVyX+0gMasT3I=
github.com/jfrog/jfrog-client-go v0.2.1 h1:FwA/acGVa6Ry978/wI6Tqux0WBz9LzRd3MwMIp9kpME=
github.com/jfrog/jfrog-client-go v0.2.1/go.mod h1:g0MPAQDBbGWqn473RyKpGEUttjSm78kVyX+0gMasT3I=
github.com/jfrog/jfrog-client-go v0.2.2 h1:Y9buCW+c/nRkty2GSpXTJQe28GoAG3ZvFgCua3LYdQA=
github.com/jfrog/jfrog-client-go v0.2.2/go.mod h1:g0MPAQDBbGWqn473RyKpGEUttjSm78kVyX+0gMasT3I=
github.com/jfrog/jfrog-client-go v0.3.0/go.mod h1:g0MPAQDBbGWqn473RyKpGEUttjSm78kVyX+0gMasT3I=
github.com/jfrog/jfrog-client-go v0.3.1 h1:WSnbgvar6cvWrVfSZVIPkp50V2Xnew+IdH6CUNtyAsA=
github.com/jfrog/jfrog-client-go v0.3.1/go.mod h1:z0TT7uU1IcpkiEgySOE7UD/0f/Vzg85wEOixa5IQTas=
github.com/julienschmidt/httprouter v1.2.0/go.mod h1:SYymIcj16QtmaHHD7aYtjjsJG7VTCxuUUipMqKk8s4w=
github.com/kevinburke/ssh_config v0.0.0-20180830205328-81db2a75821e h1:RgQk53JHp/Cjunrr1WlsXSZpqXn+uREuHvUVcK82CV8=
github.com/kevinburke/ssh_config v0.0.0-20180830205328-81db2a75821e/go.mod h1:CT57kijsi8u/K/BOFA39wgDQJ9CxiF4nAY/ojJ6r6mM=
github.com/konsorten/go-windows-terminal-sequences v1.0.1/go.mod h1:T0+1ngSBFLxvqU3pZ+m/2kptfBszLMUkC4ZK/EgS/cQ=
github.com/kr/logfmt v0.0.0-20140226030751-b84e30acd515/go.mod h1:+0opPa2QZZtGFBFZlji/RkVcI2GknAs/DXo4wKdlNEc=
github.com/kr/pretty v0.1.0/go.mod h1:dAy3ld7l9f0ibDNOQOHHMYYIIbhfbHSm3C4ZsoJORNo=
github.com/kr/pty v1.1.1/go.mod h1:pFQYn66WHrOpPYNljwOMqo10TkYh1fy3cYio2l3bCsQ=
github.com/kr/text v0.1.0/go.mod h1:4Jbv+DJW3UT/LiOwJeYQe1efqtUx/iVham/4vfdArNI=
github.com/magiconair/properties v1.8.0 h1:LLgXmsheXeRoUOBOjtwPQCWIYqM/LU1ayDtDePerRcY=
github.com/magiconair/properties v1.8.0/go.mod h1:PppfXfuXeibc/6YijjN8zIbojt8czPbwD3XqdrwzmxQ=
github.com/mattn/go-shellwords v1.0.3 h1:K/VxK7SZ+cvuPgFSLKi5QPI9Vr/ipOf4C1gN+ntueUk=
github.com/mattn/go-shellwords v1.0.3/go.mod h1:3xCvwCdWdlDJUrvuMn7Wuy9eWs4pE8vqg+NOMyg4B2o=
github.com/matttproud/golang_protobuf_extensions v1.0.1/go.mod h1:D8He9yQNgCq6Z5Ld7szi9bcBfOoFv/3dc6xSMkL2PC0=
github.com/mholt/archiver v2.1.0+incompatible h1:1ivm7KAHPtPere1YDOdrY6xGdbMNGRWThZbYh5lWZT0=
github.com/mholt/archiver v2.1.0+incompatible/go.mod h1:Dh2dOXnSdiLxRiPoVfIr/fI1TwETms9B8CTWfeh7ROU=
github.com/mitchellh/go-homedir v1.0.0 h1:vKb8ShqSby24Yrqr/yDYkuFz8d0WUjys40rvnGC8aR0=
github.com/mitchellh/go-homedir v1.0.0/go.mod h1:SfyaCUpYCn1Vlf4IUYiD9fPX4A5wJrkLzIz1N1q0pr0=
github.com/mitchellh/mapstructure v1.0.0 h1:vVpGvMXJPqSDh2VYHF7gsfQj8Ncx+Xw5Y1KHeTRY+7I=
github.com/mitchellh/mapstructure v1.0.0/go.mod h1:FVVH3fgwuzCH5S8UJGiWEs2h04kUh9fWfEaFds41c1Y=
github.com/mwitkow/go-conntrack v0.0.0-20161129095857-cc309e4a2223/go.mod h1:qRWi+5nqEBWmkhHvq77mSJWrCKwh8bxhgT7d/eI7P4U=
github.com/nwaples/rardecode v0.0.0-20171029023500-e06696f847ae h1:UF9xsJn7AeQ72TCus3eRO1lh08Id3AoF37vl+qigL/w=
github.com/nwaples/rardecode v0.0.0-20171029023500-e06696f847ae/go.mod h1:5DzqNKiOdpKKBH87u8VlvAnPZMXcGRhxWkRpHbbfGS0=
github.com/pelletier/go-buffruneio v0.2.0 h1:U4t4R6YkofJ5xHm3dJzuRpPZ0mr5MMCoAWooScCR7aA=
github.com/pelletier/go-buffruneio v0.2.0/go.mod h1:JkE26KsDizTr40EUHkXVtNPvgGtbSNq5BcowyYOWdKo=
github.com/pelletier/go-toml v1.2.0 h1:T5zMGML61Wp+FlcbWjRDT7yAxhJNAiPPLOFECq181zc=
github.com/pelletier/go-toml v1.2.0/go.mod h1:5z9KED0ma1S8pY6P1sdut58dfprrGBbd/94hg7ilaic=
github.com/pierrec/lz4 v2.0.5+incompatible h1:2xWsjqPFWcplujydGg4WmhC/6fZqK42wMM8aXeqhl0I=
github.com/pierrec/lz4 v2.0.5+incompatible/go.mod h1:pdkljMzZIN41W+lC3N2tnIh5sFi+IEE17M5jbnwPHcY=
github.com/pkg/errors v0.8.0 h1:WdK/asTD0HN+q6hsWO3/vpuAkAr+tw6aNJNDFFf0+qw=
github.com/pkg/errors v0.8.0/go.mod h1:bwawxfHBFNV+L2hUp1rHADufV3IMtnDRdf1r5NINEl0=
github.com/pkg/errors v0.8.1 h1:iURUrRGxPUNPdy5/HRSm+Yj6okJ6UtLINN0Q9M4+h3I=
github.com/pkg/errors v0.8.1/go.mod h1:bwawxfHBFNV+L2hUp1rHADufV3IMtnDRdf1r5NINEl0=
github.com/pmezard/go-difflib v1.0.0/go.mod h1:iKH77koFhYxTK1pcRnkKkqfTogsbg7gZNVY4sRDYZ/4=
github.com/prometheus/client_golang v0.9.1/go.mod h1:7SWBe2y4D6OKWSNQJUaRYU/AaXPKyh/dDVn+NZz0KFw=
github.com/prometheus/client_model v0.0.0-20180712105110-5c3871d89910/go.mod h1:MbSGuTsp3dbXC40dX6PRTWyKYBIrTGTE9sqQNg2J8bo=
github.com/prometheus/common v0.0.0-20190107103113-2998b132700a/go.mod h1:TNfzLD0ON7rHzMJeJkieUDPYmFC7Snx/y86RQel1bk4=
github.com/prometheus/procfs v0.0.0-20181005140218-185b4288413d/go.mod h1:c3At6R/oaqEKCNdg8wHV1ftS6bRYblBhIjjI8uT2IGk=
github.com/prometheus/procfs v0.0.0-20190104112138-b1a0a9a36d74/go.mod h1:c3At6R/oaqEKCNdg8wHV1ftS6bRYblBhIjjI8uT2IGk=
github.com/sergi/go-diff v1.0.0 h1:Kpca3qRNrduNnOQeazBd0ysaKrUJiIuISHxogkT9RPQ=
github.com/sergi/go-diff v1.0.0/go.mod h1:0CfEIISq7TuYL3j771MWULgwwjU+GofnZX9QAmXWZgo=
github.com/sirupsen/logrus v1.2.0/go.mod h1:LxeOpSwHxABJmUn/MG1IvRgCAasNZTLOkJPxbbu5VWo=
github.com/spf13/afero v1.1.2 h1:m8/z1t7/fwjysjQRYbP0RD+bUIF/8tJwPdEZsI83ACI=
github.com/spf13/afero v1.1.2/go.mod h1:j4pytiNVoe2o6bmDsKpLACNPDBIoEAkihy7loJ1B0CQ=
github.com/spf13/cast v1.2.0 h1:HHl1DSRbEQN2i8tJmtS6ViPyHx35+p51amrdsiTCrkg=
github.com/spf13/cast v1.2.0/go.mod h1:r2rcYCSwa1IExKTDiTfzaxqT2FNHs8hODu4LnUfgKEg=
github.com/spf13/jwalterweatherman v1.0.0 h1:XHEdyB+EcvlqZamSM4ZOMGlc93t6AcsBEu9Gc1vn7yk=
github.com/spf13/jwalterweatherman v1.0.0/go.mod h1:cQK4TGJAtQXfYWX+Ddv3mKDzgVb68N+wFjFa4jdeBTo=
github.com/spf13/pflag v1.0.2 h1:Fy0orTDgHdbnzHcsOgfCN4LtHf0ec3wwtiwJqwvf3Gc=
github.com/spf13/pflag v1.0.2/go.mod h1:DYY7MBk1bdzusC3SYhjObp+wFpr4gzcvqqNjLnInEg4=
github.com/spf13/viper v1.2.1 h1:bIcUwXqLseLF3BDAZduuNfekWG87ibtFxi59Bq+oI9M=
github.com/spf13/viper v1.2.1/go.mod h1:P4AexN0a+C9tGAnUFNwDMYYZv3pjFuvmeiMyKRaNVlI=
github.com/src-d/gcfg v1.3.0 h1:2BEDr8r0I0b8h/fOqwtxCEiq2HJu8n2JGZJQFGXWLjg=
github.com/src-d/gcfg v1.3.0/go.mod h1:p/UMsR43ujA89BJY9duynAwIpvqEujIH/jFlfL7jWoI=
github.com/stretchr/objx v0.1.1/go.mod h1:HFkY916IF+rwdDfMAkV7OtwuqBVzrE8GR6GFx+wExME=
github.com/stretchr/testify v1.2.2/go.mod h1:a8OnRcib4nhh0OaRAV+Yts87kKdq0PP7pXfy6kDkUVs=
github.com/ulikunitz/xz v0.5.4 h1:zATC2OoZ8H1TZll3FpbX+ikwmadbO699PE06cIkm9oU=
github.com/ulikunitz/xz v0.5.4/go.mod h1:2bypXElzHzzJZwzH67Y6wb67pO62Rzfn7BSiF4ABRW8=
github.com/xanzy/ssh-agent v0.2.0 h1:Adglfbi5p9Z0BmK2oKU9nTG+zKfniSfnaMYB+ULd+Ro=
github.com/xanzy/ssh-agent v0.2.0/go.mod h1:0NyE30eGUDliuLEHJgYte/zncp2zdTStcOnWhgSqHD8=
golang.org/x/crypto v0.0.0-20180904163835-0709b304e793/go.mod h1:6SG95UA2DQfeDnfUPMdvaQW0Q7yPrPDi9nlGo2tz2b4=
golang.org/x/crypto v0.0.0-20181001203147-e3636079e1a4/go.mod h1:6SG95UA2DQfeDnfUPMdvaQW0Q7yPrPDi9nlGo2tz2b4=
golang.org/x/crypto v0.0.0-20181203042331-505ab145d0a9 h1:mKdxBk7AujPs8kU4m80U72y/zjbZ3UcXC7dClwKbUI0=
golang.org/x/crypto v0.0.0-20181203042331-505ab145d0a9/go.mod h1:6SG95UA2DQfeDnfUPMdvaQW0Q7yPrPDi9nlGo2tz2b4=
golang.org/x/lint v0.0.0-20181217174547-8f45f776aaf1/go.mod h1:UVdnD1Gm6xHRNCYTkRU2/jEulfH38KcIWyp/GAMgvoE=
golang.org/x/net v0.0.0-20180926154720-4dfa2610cdf3 h1:dgd4x4kJt7G4k4m93AYLzM8Ni6h2qLTfh9n9vXJT3/0=
golang.org/x/net v0.0.0-20180926154720-4dfa2610cdf3/go.mod h1:mL1N/T3taQHkDXs73rZJwtUhF3w3ftmwwsq0BUmARs4=
golang.org/x/net v0.0.0-20181114220301-adae6a3d119a h1:gOpx8G595UYyvj8UK4+OFyY4rx037g3fmfhe5SasG3U=
golang.org/x/net v0.0.0-20181114220301-adae6a3d119a/go.mod h1:mL1N/T3taQHkDXs73rZJwtUhF3w3ftmwwsq0BUmARs4=
golang.org/x/sync v0.0.0-20181108010431-42b317875d0f/go.mod h1:RxMgew5VJxzue5/jJTE5uejpjVlOe/izrB70Jof72aM=
golang.org/x/sys v0.0.0-20180903190138-2b024373dcd9/go.mod h1:STP8DvDyc/dI5b8T5hshtkjS+E42TnysNCUPdjciGhY=
golang.org/x/sys v0.0.0-20180905080454-ebe1bf3edb33/go.mod h1:STP8DvDyc/dI5b8T5hshtkjS+E42TnysNCUPdjciGhY=
golang.org/x/sys v0.0.0-20180906133057-8cf3aee42992 h1:BH3eQWeGbwRU2+wxxuuPOdFBmaiBH81O8BugSjHeTFg=
golang.org/x/sys v0.0.0-20180906133057-8cf3aee42992/go.mod h1:STP8DvDyc/dI5b8T5hshtkjS+E42TnysNCUPdjciGhY=
golang.org/x/sys v0.0.0-20181116152217-5ac8a444bdc5 h1:mzjBh+S5frKOsOBobWIMAbXavqjmgO17k/2puhcFR94=
golang.org/x/sys v0.0.0-20181116152217-5ac8a444bdc5/go.mod h1:STP8DvDyc/dI5b8T5hshtkjS+E42TnysNCUPdjciGhY=
golang.org/x/text v0.3.0 h1:g61tztE5qeGQ89tm6NTjjM9VPIm088od1l6aSorWRWg=
golang.org/x/text v0.3.0/go.mod h1:NqM8EUOU14njkJ3fqMW+pc6Ldnwhi/IjpwHt7yyuwOQ=
gopkg.in/alecthomas/kingpin.v2 v2.2.6/go.mod h1:FMv+mEhP44yOT+4EoQTLFTRgOQ1FBLkstjWtayDeSgw=
gopkg.in/check.v1 v0.0.0-20161208181325-20d25e280405/go.mod h1:Co6ibVJAznAaIkqp8huTwlJQCZ016jof/cbN4VW5Yz0=
gopkg.in/check.v1 v1.0.0-20180628173108-788fd7840127/go.mod h1:Co6ibVJAznAaIkqp8huTwlJQCZ016jof/cbN4VW5Yz0=
gopkg.in/src-d/go-billy.v4 v4.3.0 h1:KtlZ4c1OWbIs4jCv5ZXrTqG8EQocr0g/d4DjNg70aek=
gopkg.in/src-d/go-billy.v4 v4.3.0/go.mod h1:tm33zBoOwxjYHZIE+OV8bxTWFMJLrconzFMd38aARFk=
gopkg.in/src-d/go-git-fixtures.v3 v3.1.1/go.mod h1:dLBcvytrw/TYZsNTWCnkNF2DSIlzWYqTe3rJR56Ac7g=
gopkg.in/src-d/go-git-fixtures.v3 v3.3.0/go.mod h1:dLBcvytrw/TYZsNTWCnkNF2DSIlzWYqTe3rJR56Ac7g=
gopkg.in/src-d/go-git.v4 v4.7.0 h1:WXB+2gCoRhQiAr//IMHpIpoDsTrDgvjDORxt57e8XTA=
gopkg.in/src-d/go-git.v4 v4.7.0/go.mod h1:CzbUWqMn4pvmvndg3gnh5iZFmSsbhyhUWdI0IQ60AQo=
gopkg.in/warnings.v0 v0.1.2 h1:wFXVbFY8DY5/xOe1ECiWdKCzZlxgshcYVNkBHstARME=
gopkg.in/warnings.v0 v0.1.2/go.mod h1:jksf8JmL6Qr/oQM2OXTHunEvvTAsrWBLb6OOjuVWRNI=
gopkg.in/yaml.v2 v2.2.1/go.mod h1:hI93XBmqTisBFMUTm0b8Fm+jr3Dg1NNxqwp+5A1VGuI=
gopkg.in/yaml.v2 v2.2.2 h1:ZCJp+EgiOT7lHqUV2J862kp8Qj64Jo6az82+3Td9dZw=
gopkg.in/yaml.v2 v2.2.2/go.mod h1:hI93XBmqTisBFMUTm0b8Fm+jr3Dg1NNxqwp+5A1VGuI=
