# This file is generated by running "yarn install" inside your project.
# Manual changes might be lost - proceed with caution!

__metadata:
  version: 6
  cacheKey: 8

"jfrog-cli-tests@workspace:.":
  version: 0.0.0-use.local
  resolution: "jfrog-cli-tests@workspace:."
  dependencies:
    json: 9.0.6
    xml: 1.0.1
  languageName: unknown
  linkType: soft

"json@npm:9.0.6":
  version: 9.0.6
  resolution: "json@npm:9.0.6"
  bin:
    json: ./lib/json.js
  checksum: b9f16874e5bab435ad2e68f5a110549da8e28a4795a24c46e52c97a4f4fc5087f2ceb197eed4f8413fa24a7f7008af3da26caeec7739ca86ec25c2da146af9d5
  languageName: node
  linkType: hard

"xml@npm:1.0.1":
  version: 1.0.1
  resolution: "xml@npm:1.0.1"
  checksum: 11b5545ef3f8fec3fa29ce251f50ad7b6c97c103ed4d851306ec23366f5fa4699dd6a942262df52313a0cd1840ab26256da253c023bad3309d8ce46fe6020ca0
  languageName: node
  linkType: hard
