{
  "name": "jfrog-cli-tests",
  "version": "v1.0.0",
  "lockfileVersion": 2,
  "requires": true,
  "packages": {
    "": {
      "name": "jfrog-cli-tests",
      "version": "v1.0.0",
      "license": "ISC",
      "dependencies": {
        "xml": "1.0.1"
      },
      "devDependencies": {
        "json": "9.0.6"
      }
    },
    "node_modules/json": {
      "version": "9.0.6",
      "resolved": "https://registry.npmjs.org/json/-/json-9.0.6.tgz",
      "integrity": "sha1-eXLCpaSKQmeNsnMMfCxO5uTiRYU=",
      "dev": true,
      "bin": {
        "json": "lib/json.js"
      },
      "engines": {
        "node": ">=0.10.0"
      }
    },
    "node_modules/xml": {
      "version": "1.0.1",
      "resolved": "https://registry.npmjs.org/xml/-/xml-1.0.1.tgz",
      "integrity": "sha1-eLpyAgApxbyHuKgaPPzXS0ovweU="
    }
  },
  "dependencies": {
    "json": {
      "version": "9.0.6",
      "resolved": "https://registry.npmjs.org/json/-/json-9.0.6.tgz",
      "integrity": "sha1-eXLCpaSKQmeNsnMMfCxO5uTiRYU=",
      "dev": true
    },
    "xml": {
      "version": "1.0.1",
      "resolved": "https://registry.npmjs.org/xml/-/xml-1.0.1.tgz",
      "integrity": "sha1-eLpyAgApxbyHuKgaPPzXS0ovweU="
    }
  }
}
